<?xml version="1.0" encoding="utf-8"?>
<Project ToolsVersion="4.0" xmlns="http://schemas.microsoft.com/developer/msbuild/2003">
  <ItemGroup>
    <Filter Include="源文件">
      <UniqueIdentifier>{4FC737F1-C7A5-4376-A066-2A32D752A2FF}</UniqueIdentifier>
      <Extensions>cpp;c;cc;cxx;def;odl;idl;hpj;bat;asm;asmx</Extensions>
    </Filter>
    <Filter Include="头文件">
      <UniqueIdentifier>{93995380-89BD-4b04-88EB-625FBE52EBFB}</UniqueIdentifier>
      <Extensions>h;hh;hpp;hxx;hm;inl;inc;xsd</Extensions>
    </Filter>
    <Filter Include="资源文件">
      <UniqueIdentifier>{67DA6AB6-F800-4c08-8B7A-83BB121AAD01}</UniqueIdentifier>
      <Extensions>rc;ico;cur;bmp;dlg;rc2;rct;bin;rgs;gif;jpg;jpeg;jpe;resx;tiff;tif;png;wav;mfcribbon-ms</Extensions>
    </Filter>
    <Filter Include="Singleton">
      <UniqueIdentifier>{12e4d74f-51a7-4483-a58d-b2d41a77af3f}</UniqueIdentifier>
    </Filter>
    <Filter Include="Path">
      <UniqueIdentifier>{4e589849-1ff9-44a4-9226-3764a0296afa}</UniqueIdentifier>
    </Filter>
    <Filter Include="String">
      <UniqueIdentifier>{ee11c5e9-0e78-4fc2-b9af-935cec8fe2d9}</UniqueIdentifier>
    </Filter>
    <Filter Include="Frame">
      <UniqueIdentifier>{ee120349-2161-48df-8dbd-773a661d6493}</UniqueIdentifier>
    </Filter>
    <Filter Include="MainUI">
      <UniqueIdentifier>{00492065-1400-4c5d-aee8-e4832d85a066}</UniqueIdentifier>
    </Filter>
    <Filter Include="Control">
      <UniqueIdentifier>{1e192de7-cda4-4f15-9358-433a0dfa7ee2}</UniqueIdentifier>
    </Filter>
  </ItemGroup>
  <ItemGroup>
    <ClCompile Include="UtilPath.cpp">
      <Filter>Path</Filter>
    </ClCompile>
    <ClCompile Include="UtilString.cpp">
      <Filter>String</Filter>
    </ClCompile>
    <ClCompile Include="LoginFrame.cpp">
      <Filter>Frame</Filter>
    </ClCompile>
    <ClCompile Include="AuxMainUI.cpp">
      <Filter>MainUI</Filter>
    </ClCompile>
    <ClCompile Include="UIHeadIcon.cpp">
      <Filter>Control</Filter>
    </ClCompile>
    <ClCompile Include="UIEditComb.cpp">
      <Filter>Control</Filter>
    </ClCompile>
    <ClCompile Include="UIIPAddress.cpp">
      <Filter>Control</Filter>
    </ClCompile>
  </ItemGroup>
  <ItemGroup>
    <ClInclude Include="..\Include\UtilPath.h">
      <Filter>Path</Filter>
    </ClInclude>
    <ClInclude Include="..\Include\UtilString.h">
      <Filter>String</Filter>
    </ClInclude>
    <ClInclude Include="..\Include\Singleton.h">
      <Filter>Singleton</Filter>
    </ClInclude>
    <ClInclude Include="LoginFrame.h">
      <Filter>Frame</Filter>
    </ClInclude>
    <ClInclude Include="..\Include\AuxMainUI.h">
      <Filter>MainUI</Filter>
    </ClInclude>
    <ClInclude Include="UIHeadIcon.h">
      <Filter>Control</Filter>
    </ClInclude>
    <ClInclude Include="UIEditComb.h">
      <Filter>Control</Filter>
    </ClInclude>
    <ClInclude Include="UIIPAddress.h">
      <Filter>Control</Filter>
    </ClInclude>
  </ItemGroup>
</Project>